
Microsoft Visual Studio Solution File, Format Version 12.00
# Visual Studio Version 17
VisualStudioVersion = 17.0.31912.275
MinimumVisualStudioVersion = 10.0.40219.1
Project("{FAE04EC0-301F-11D3-BF4B-00C04F79EFBC}") = "training_7", "training_7.csproj", "{6C98E63B-7A44-481B-ACFD-07DC79C42155}"
EndProject
Global
	GlobalSection(SolutionConfigurationPlatforms) = preSolution
		Debug|Any CPU = Debug|Any CPU
		Release|Any CPU = Release|Any CPU
	EndGlobalSection
	GlobalSection(ProjectConfigurationPlatforms) = postSolution
		{6C98E63B-7A44-481B-ACFD-07DC79C42155}.Debug|Any CPU.ActiveCfg = Debug|Any CPU
		{6C98E63B-7A44-481B-ACFD-07DC79C42155}.Debug|Any CPU.Build.0 = Debug|Any CPU
		{6C98E63B-7A44-481B-ACFD-07DC79C42155}.Release|Any CPU.ActiveCfg = Release|Any CPU
		{6C98E63B-7A44-481B-ACFD-07DC79C42155}.Release|Any CPU.Build.0 = Release|Any CPU
	EndGlobalSection
	GlobalSection(SolutionProperties) = preSolution
		HideSolutionNode = FALSE
	EndGlobalSection
	GlobalSection(ExtensibilityGlobals) = postSolution
		SolutionGuid = {F7B07751-F2F8-4A3E-AD28-ED16EB3677E9}
	EndGlobalSection
EndGlobal
